
Microsoft Visual Studio Solution File, Format Version 12.00
# Visual Studio 15
VisualStudioVersion = 15.0.26124.0
MinimumVisualStudioVersion = 15.0.26124.0
Project("{2150E333-8FDC-42A3-9474-1A3956D46DE8}") = "src", "src", "{9782E2D9-E5FC-4C5E-8813-27802F89122A}"
EndProject
Project("{FAE04EC0-301F-11D3-BF4B-00C04F79EFBC}") = "MultiClassClassification", "src\MultiClassClassification\MultiClassClassification.csproj", "{932E74AD-214C-4F2C-B68B-3CF5EB26E19C}"
EndProject
Global
	GlobalSection(SolutionConfigurationPlatforms) = preSolution
		Debug|Any CPU = Debug|Any CPU
		Debug|x64 = Debug|x64
		Debug|x86 = Debug|x86
		Release|Any CPU = Release|Any CPU
		Release|x64 = Release|x64
		Release|x86 = Release|x86
	EndGlobalSection
	GlobalSection(SolutionProperties) = preSolution
		HideSolutionNode = FALSE
	EndGlobalSection
	GlobalSection(ProjectConfigurationPlatforms) = postSolution
		{932E74AD-214C-4F2C-B68B-3CF5EB26E19C}.Debug|Any CPU.ActiveCfg = Debug|Any CPU
		{932E74AD-214C-4F2C-B68B-3CF5EB26E19C}.Debug|Any CPU.Build.0 = Debug|Any CPU
		{932E74AD-214C-4F2C-B68B-3CF5EB26E19C}.Debug|x64.ActiveCfg = Debug|Any CPU
		{932E74AD-214C-4F2C-B68B-3CF5EB26E19C}.Debug|x64.Build.0 = Debug|Any CPU
		{932E74AD-214C-4F2C-B68B-3CF5EB26E19C}.Debug|x86.ActiveCfg = Debug|Any CPU
		{932E74AD-214C-4F2C-B68B-3CF5EB26E19C}.Debug|x86.Build.0 = Debug|Any CPU
		{932E74AD-214C-4F2C-B68B-3CF5EB26E19C}.Release|Any CPU.ActiveCfg = Release|Any CPU
		{932E74AD-214C-4F2C-B68B-3CF5EB26E19C}.Release|Any CPU.Build.0 = Release|Any CPU
		{932E74AD-214C-4F2C-B68B-3CF5EB26E19C}.Release|x64.ActiveCfg = Release|Any CPU
		{932E74AD-214C-4F2C-B68B-3CF5EB26E19C}.Release|x64.Build.0 = Release|Any CPU
		{932E74AD-214C-4F2C-B68B-3CF5EB26E19C}.Release|x86.ActiveCfg = Release|Any CPU
		{932E74AD-214C-4F2C-B68B-3CF5EB26E19C}.Release|x86.Build.0 = Release|Any CPU
	EndGlobalSection
	GlobalSection(NestedProjects) = preSolution
		{932E74AD-214C-4F2C-B68B-3CF5EB26E19C} = {9782E2D9-E5FC-4C5E-8813-27802F89122A}
	EndGlobalSection
EndGlobal
